
Microsoft Visual Studio Solution File, Format Version 12.00
# Visual Studio Version 17
VisualStudioVersion = 17.9.34728.123
MinimumVisualStudioVersion = 10.0.40219.1
Project("{9A19103F-16F7-4668-BE54-9A1E7A4F7556}") = "ApiTest.Desktop", "ApiTest.Desktop\ApiTest.Desktop.csproj", "{1BA86B9B-936A-4C77-AD1F-701A39C18B1F}"
EndProject
Project("{9A19103F-16F7-4668-BE54-9A1E7A4F7556}") = "ApiTest.Domain", "ApiTest.Domain\ApiTest.Domain.csproj", "{D0806807-9E89-4B95-B8FC-08E1F9E7CC21}"
EndProject
Project("{9A19103F-16F7-4668-BE54-9A1E7A4F7556}") = "ApiTest.Infrastructure", "ApiTest.Infrastructure\ApiTest.Infrastructure.csproj", "{15E7031C-9E0C-46A9-BA8E-53C6EBC77C2B}"
EndProject
Global
	GlobalSection(SolutionConfigurationPlatforms) = preSolution
		Debug|Any CPU = Debug|Any CPU
		Release|Any CPU = Release|Any CPU
	EndGlobalSection
	GlobalSection(ProjectConfigurationPlatforms) = postSolution
		{1BA86B9B-936A-4C77-AD1F-701A39C18B1F}.Debug|Any CPU.ActiveCfg = Debug|Any CPU
		{1BA86B9B-936A-4C77-AD1F-701A39C18B1F}.Debug|Any CPU.Build.0 = Debug|Any CPU
		{1BA86B9B-936A-4C77-AD1F-701A39C18B1F}.Release|Any CPU.ActiveCfg = Release|Any CPU
		{1BA86B9B-936A-4C77-AD1F-701A39C18B1F}.Release|Any CPU.Build.0 = Release|Any CPU
		{D0806807-9E89-4B95-B8FC-08E1F9E7CC21}.Debug|Any CPU.ActiveCfg = Debug|Any CPU
		{D0806807-9E89-4B95-B8FC-08E1F9E7CC21}.Debug|Any CPU.Build.0 = Debug|Any CPU
		{D0806807-9E89-4B95-B8FC-08E1F9E7CC21}.Release|Any CPU.ActiveCfg = Release|Any CPU
		{D0806807-9E89-4B95-B8FC-08E1F9E7CC21}.Release|Any CPU.Build.0 = Release|Any CPU
		{15E7031C-9E0C-46A9-BA8E-53C6EBC77C2B}.Debug|Any CPU.ActiveCfg = Debug|Any CPU
		{15E7031C-9E0C-46A9-BA8E-53C6EBC77C2B}.Debug|Any CPU.Build.0 = Debug|Any CPU
		{15E7031C-9E0C-46A9-BA8E-53C6EBC77C2B}.Release|Any CPU.ActiveCfg = Release|Any CPU
		{15E7031C-9E0C-46A9-BA8E-53C6EBC77C2B}.Release|Any CPU.Build.0 = Release|Any CPU
	EndGlobalSection
	GlobalSection(SolutionProperties) = preSolution
		HideSolutionNode = FALSE
	EndGlobalSection
	GlobalSection(ExtensibilityGlobals) = postSolution
		SolutionGuid = {B2989DFD-96C4-4F58-9D71-0E57D480040B}
	EndGlobalSection
EndGlobal
